
Microsoft Visual Studio Solution File, Format Version 12.00
# Visual Studio Version 17
VisualStudioVersion = 17.0.32014.148
MinimumVisualStudioVersion = 10.0.40219.1
Project("{FAE04EC0-301F-11D3-BF4B-00C04F79EFBC}") = "MenuHamburguer", "MenuHamburguer\MenuHamburguer.csproj", "{DDEE99DB-EBBA-46D2-B0A7-D160FBBA4EE2}"
EndProject
Global
	GlobalSection(SolutionConfigurationPlatforms) = preSolution
		Debug|Any CPU = Debug|Any CPU
		Release|Any CPU = Release|Any CPU
	EndGlobalSection
	GlobalSection(ProjectConfigurationPlatforms) = postSolution
		{DDEE99DB-EBBA-46D2-B0A7-D160FBBA4EE2}.Debug|Any CPU.ActiveCfg = Debug|Any CPU
		{DDEE99DB-EBBA-46D2-B0A7-D160FBBA4EE2}.Debug|Any CPU.Build.0 = Debug|Any CPU
		{DDEE99DB-EBBA-46D2-B0A7-D160FBBA4EE2}.Release|Any CPU.ActiveCfg = Release|Any CPU
		{DDEE99DB-EBBA-46D2-B0A7-D160FBBA4EE2}.Release|Any CPU.Build.0 = Release|Any CPU
	EndGlobalSection
	GlobalSection(SolutionProperties) = preSolution
		HideSolutionNode = FALSE
	EndGlobalSection
	GlobalSection(ExtensibilityGlobals) = postSolution
		SolutionGuid = {80D3C644-6251-4F9A-A309-96626707F8C7}
	EndGlobalSection
EndGlobal
